<?xml version="1.0" encoding="utf-8"?>
<Project ToolsVersion="4.0" xmlns="http://schemas.microsoft.com/developer/msbuild/2003">
  <ItemGroup>
    <Filter Include="Platform">
      <UniqueIdentifier>{2AC788B4-1694-E3BF-3FAD-D1672BD9184E}</UniqueIdentifier>
    </Filter>
    <Filter Include="Platform\Windows">
      <UniqueIdentifier>{64FBD71A-50F4-F66C-7926-DCF1657ED678}</UniqueIdentifier>
    </Filter>
    <Filter Include="Shadow">
      <UniqueIdentifier>{4B0E0CD1-37B0-36A7-206B-4AFB0CACBDF7}</UniqueIdentifier>
    </Filter>
  </ItemGroup>
  <ItemGroup>
    <ClCompile Include="src\Platform\Windows\WindowsWindow.cpp">
      <Filter>Platform\Windows</Filter>
    </ClCompile>
    <ClCompile Include="src\Shadow\Application.cpp">
      <Filter>Shadow</Filter>
    </ClCompile>
    <ClCompile Include="src\Shadow\Log.cpp">
      <Filter>Shadow</Filter>
    </ClCompile>
    <ClCompile Include="src\swpch.cpp" />
  </ItemGroup>
</Project>